{
  "name": "paperplain-pdf-markdown-demo",
  "version": "1.0.0",
  "lockfileVersion": 3,
  "requires": true,
  "packages": {
    "": {
      "name": "paperplain-pdf-markdown-demo",
      "version": "1.0.0",
      "dependencies": {
        "@opendataloader/pdf": "2.5.1"
      },
      "engines": {
        "node": ">=22.13.0"
      }
    },
    "node_modules/@opendataloader/pdf": {
      "version": "2.5.1",
      "resolved": "https://registry.npmjs.org/@opendataloader/pdf/-/pdf-2.5.1.tgz",
      "integrity": "sha512-cHzgYfFWOZm7M9lulRlAX0J7qn8M7DD0BvCRPJQjriBGjxC++H2SnlHMXblqBKVi3zGTU23sBxKuOT9pv+nzDw==",
      "license": "Apache-2.0",
      "dependencies": {
        "commander": "^15.0.0"
      },
      "bin": {
        "opendataloader-pdf": "dist/cli.js"
      },
      "engines": {
        "node": ">=22.13"
      }
    },
    "node_modules/@opendataloader/pdf/node_modules/commander": {
      "version": "15.0.0",
      "resolved": "https://registry.npmjs.org/commander/-/commander-15.0.0.tgz",
      "integrity": "sha512-z67u4ZhzCL/Tydu1lJARtEZYWbWaN7oYLHbsuzocr6y4N6WZAagG3RQ4FW61V1/0+jImpj293XfrcYnd1qxtPg==",
      "license": "MIT",
      "engines": {
        "node": ">=22.12.0"
      }
    }
  }
}
